
Microsoft Visual Studio Solution File, Format Version 12.00
# Visual Studio Version 16
VisualStudioVersion = 16.0.31112.23
MinimumVisualStudioVersion = 10.0.40219.1
Project("{FAE04EC0-301F-11D3-BF4B-00C04F79EFBC}") = "DicomTages", "DicomTages\DicomTages.csproj", "{E3591E33-8E76-4C27-AD50-B731D5010D4C}"
EndProject
Global
	GlobalSection(SolutionConfigurationPlatforms) = preSolution
		Debug|Any CPU = Debug|Any CPU
		Release|Any CPU = Release|Any CPU
	EndGlobalSection
	GlobalSection(ProjectConfigurationPlatforms) = postSolution
		{E3591E33-8E76-4C27-AD50-B731D5010D4C}.Debug|Any CPU.ActiveCfg = Debug|Any CPU
		{E3591E33-8E76-4C27-AD50-B731D5010D4C}.Debug|Any CPU.Build.0 = Debug|Any CPU
		{E3591E33-8E76-4C27-AD50-B731D5010D4C}.Release|Any CPU.ActiveCfg = Release|Any CPU
		{E3591E33-8E76-4C27-AD50-B731D5010D4C}.Release|Any CPU.Build.0 = Release|Any CPU
	EndGlobalSection
	GlobalSection(SolutionProperties) = preSolution
		HideSolutionNode = FALSE
	EndGlobalSection
	GlobalSection(ExtensibilityGlobals) = postSolution
		SolutionGuid = {FF82DCB8-D159-4560-9F17-D418FDD843F3}
	EndGlobalSection
EndGlobal
